
Microsoft Visual Studio Solution File, Format Version 12.00
# Visual Studio Version 16
VisualStudioVersion = 16.0.32602.291
MinimumVisualStudioVersion = 10.0.40219.1
Project("{8BC9CEB8-8B4A-11D0-8D11-00A0C91BC942}") = "Pointer, Ref, Dynam Mem", "Pointer, Ref, Dynam Mem\Pointer, Ref, Dynam Mem.vcxproj", "{E12607E2-5AE9-4530-939E-F607B3FE7553}"
EndProject
Global
	GlobalSection(SolutionConfigurationPlatforms) = preSolution
		Debug|x64 = Debug|x64
		Debug|x86 = Debug|x86
		Release|x64 = Release|x64
		Release|x86 = Release|x86
	EndGlobalSection
	GlobalSection(ProjectConfigurationPlatforms) = postSolution
		{E12607E2-5AE9-4530-939E-F607B3FE7553}.Debug|x64.ActiveCfg = Debug|x64
		{E12607E2-5AE9-4530-939E-F607B3FE7553}.Debug|x64.Build.0 = Debug|x64
		{E12607E2-5AE9-4530-939E-F607B3FE7553}.Debug|x86.ActiveCfg = Debug|Win32
		{E12607E2-5AE9-4530-939E-F607B3FE7553}.Debug|x86.Build.0 = Debug|Win32
		{E12607E2-5AE9-4530-939E-F607B3FE7553}.Release|x64.ActiveCfg = Release|x64
		{E12607E2-5AE9-4530-939E-F607B3FE7553}.Release|x64.Build.0 = Release|x64
		{E12607E2-5AE9-4530-939E-F607B3FE7553}.Release|x86.ActiveCfg = Release|Win32
		{E12607E2-5AE9-4530-939E-F607B3FE7553}.Release|x86.Build.0 = Release|Win32
	EndGlobalSection
	GlobalSection(SolutionProperties) = preSolution
		HideSolutionNode = FALSE
	EndGlobalSection
	GlobalSection(ExtensibilityGlobals) = postSolution
		SolutionGuid = {3A32AC8F-5D45-4E14-9CA1-5F7BAF761DE3}
	EndGlobalSection
EndGlobal
